{
    "name": "journeyedu-wksp-template",
    "version": "0.5.0",
    "lockfileVersion": 1,
    "requires": true,
    "dependencies": {
        "bluebird": {
            "version": "3.7.2",
            "resolved": "https://registry.npmjs.org/bluebird/-/bluebird-3.7.2.tgz",
            "integrity": "sha512-XpNj6GDQzdfW+r2Wnn7xiSAd7TM3jzkxGXBGTtWKuSXv1xUV+azxAm8jdWZN06QTQk+2N2XB9jRDkvbmQmcRtg=="
        },
        "dark-sky-api": {
            "version": "0.6.32",
            "resolved": "https://registry.npmjs.org/dark-sky-api/-/dark-sky-api-0.6.32.tgz",
            "integrity": "sha512-ClAO6xE4xm4+3qxoW5sMani3TkSY03UQNO/E+EdhBlgv2DwnJGSpKuB6mKKeM2s1DJ9pOVEu3FVCpXkt36K6Mg==",
            "requires": {
                "dark-sky-skeleton": "^0.1.46",
                "geo-loc-utils": "^0.0.2",
                "moment": "2.22.2"
            }
        },
        "dark-sky-skeleton": {
            "version": "0.1.46",
            "resolved": "https://registry.npmjs.org/dark-sky-skeleton/-/dark-sky-skeleton-0.1.46.tgz",
            "integrity": "sha512-4JHYIzvigE1TD0kLOHuVO3HVJ3s2CBrvifH5+iNcz/t3pbugUdPHWO2BlhCtvV057HgFV93JVZXHmOCPBQjFzQ==",
            "requires": {
                "fetch-jsonp": "^1.0.6",
                "isomorphic-fetch": "^2.2.1",
                "query-string": "^4.3.2"
            }
        },
        "encoding": {
            "version": "0.1.12",
            "resolved": "https://registry.npmjs.org/encoding/-/encoding-0.1.12.tgz",
            "integrity": "sha1-U4tm8+5izRq1HsMjgp0flIDHS+s=",
            "requires": {
                "iconv-lite": "~0.4.13"
            }
        },
        "fetch-jsonp": {
            "version": "1.1.3",
            "resolved": "https://registry.npmjs.org/fetch-jsonp/-/fetch-jsonp-1.1.3.tgz",
            "integrity": "sha1-nrnlhboIqvcAVjU40Xu+u81aPbI="
        },
        "geo-loc-utils": {
            "version": "0.0.2",
            "resolved": "https://registry.npmjs.org/geo-loc-utils/-/geo-loc-utils-0.0.2.tgz",
            "integrity": "sha1-lgvTsBo0rnVl85RfGewx1JDBghI="
        },
        "iconv-lite": {
            "version": "0.4.24",
            "resolved": "https://registry.npmjs.org/iconv-lite/-/iconv-lite-0.4.24.tgz",
            "integrity": "sha512-v3MXnZAcvnywkTUEZomIActle7RXXeedOR31wwl7VlyoXO4Qi9arvSenNQWne1TcRwhCL1HwLI21bEqdpj8/rA==",
            "requires": {
                "safer-buffer": ">= 2.1.2 < 3"
            }
        },
        "is-stream": {
            "version": "1.1.0",
            "resolved": "https://registry.npmjs.org/is-stream/-/is-stream-1.1.0.tgz",
            "integrity": "sha1-EtSj3U5o4Lec6428hBc66A2RykQ="
        },
        "isomorphic-fetch": {
            "version": "2.2.1",
            "resolved": "https://registry.npmjs.org/isomorphic-fetch/-/isomorphic-fetch-2.2.1.tgz",
            "integrity": "sha1-YRrhrPFPXoH3KVB0coGf6XM1WKk=",
            "requires": {
                "node-fetch": "^1.0.1",
                "whatwg-fetch": ">=0.10.0"
            }
        },
        "lodash": {
            "version": "4.17.15",
            "resolved": "https://registry.npmjs.org/lodash/-/lodash-4.17.15.tgz",
            "integrity": "sha512-8xOcRHvCjnocdS5cpwXQXVzmmh5e5+saE2QGoeQmbKmRS6J3VQppPOIt0MnmE+4xlZoumy0GPG0D0MVIQbNA1A=="
        },
        "moment": {
            "version": "2.22.2",
            "resolved": "https://registry.npmjs.org/moment/-/moment-2.22.2.tgz",
            "integrity": "sha1-PCV/mDn8DpP/UxSWMiOeuQeD/2Y="
        },
        "node-fetch": {
            "version": "1.7.3",
            "resolved": "https://registry.npmjs.org/node-fetch/-/node-fetch-1.7.3.tgz",
            "integrity": "sha512-NhZ4CsKx7cYm2vSrBAr2PvFOe6sWDf0UYLRqA6svUYg7+/TSfVAu49jYC4BvQ4Sms9SZgdqGBgroqfDhJdTyKQ==",
            "requires": {
                "encoding": "^0.1.11",
                "is-stream": "^1.0.1"
            }
        },
        "object-assign": {
            "version": "4.1.1",
            "resolved": "https://registry.npmjs.org/object-assign/-/object-assign-4.1.1.tgz",
            "integrity": "sha1-IQmtx5ZYh8/AXLvUQsrIv7s2CGM="
        },
        "psl": {
            "version": "1.7.0",
            "resolved": "https://registry.npmjs.org/psl/-/psl-1.7.0.tgz",
            "integrity": "sha512-5NsSEDv8zY70ScRnOTn7bK7eanl2MvFrOrS/R6x+dBt5g1ghnj9Zv90kO8GwT8gxcu2ANyFprnFYB85IogIJOQ=="
        },
        "punycode": {
            "version": "2.1.1",
            "resolved": "https://registry.npmjs.org/punycode/-/punycode-2.1.1.tgz",
            "integrity": "sha512-XRsRjdf+j5ml+y/6GKHPZbrF/8p2Yga0JPtdqTIY2Xe5ohJPD9saDJJLPvp9+NSBprVvevdXZybnj2cv8OEd0A=="
        },
        "query-string": {
            "version": "4.3.4",
            "resolved": "https://registry.npmjs.org/query-string/-/query-string-4.3.4.tgz",
            "integrity": "sha1-u7aTucqRXCMlFbIosaArYJBD2+s=",
            "requires": {
                "object-assign": "^4.1.0",
                "strict-uri-encode": "^1.0.0"
            }
        },
        "request-promise": {
            "version": "4.2.5",
            "resolved": "https://registry.npmjs.org/request-promise/-/request-promise-4.2.5.tgz",
            "integrity": "sha512-ZgnepCykFdmpq86fKGwqntyTiUrHycALuGggpyCZwMvGaZWgxW6yagT0FHkgo5LzYvOaCNvxYwWYIjevSH1EDg==",
            "requires": {
                "bluebird": "^3.5.0",
                "request-promise-core": "1.1.3",
                "stealthy-require": "^1.1.1",
                "tough-cookie": "^2.3.3"
            }
        },
        "request-promise-core": {
            "version": "1.1.3",
            "resolved": "https://registry.npmjs.org/request-promise-core/-/request-promise-core-1.1.3.tgz",
            "integrity": "sha512-QIs2+ArIGQVp5ZYbWD5ZLCY29D5CfWizP8eWnm8FoGD1TX61veauETVQbrV60662V0oFBkrDOuaBI8XgtuyYAQ==",
            "requires": {
                "lodash": "^4.17.15"
            }
        },
        "safer-buffer": {
            "version": "2.1.2",
            "resolved": "https://registry.npmjs.org/safer-buffer/-/safer-buffer-2.1.2.tgz",
            "integrity": "sha512-YZo3K82SD7Riyi0E1EQPojLz7kpepnSQI9IyPbHHg1XXXevb5dJI7tpyN2ADxGcQbHG7vcyRHk0cbwqcQriUtg=="
        },
        "stealthy-require": {
            "version": "1.1.1",
            "resolved": "https://registry.npmjs.org/stealthy-require/-/stealthy-require-1.1.1.tgz",
            "integrity": "sha1-NbCYdbT/SfJqd35QmzCQoyJr8ks="
        },
        "strict-uri-encode": {
            "version": "1.1.0",
            "resolved": "https://registry.npmjs.org/strict-uri-encode/-/strict-uri-encode-1.1.0.tgz",
            "integrity": "sha1-J5siXfHVgrH1TmWt3UNS4Y+qBxM="
        },
        "tough-cookie": {
            "version": "2.5.0",
            "resolved": "https://registry.npmjs.org/tough-cookie/-/tough-cookie-2.5.0.tgz",
            "integrity": "sha512-nlLsUzgm1kfLXSXfRZMc1KLAugd4hqJHDTvc2hDIwS3mZAfMEuMbc03SujMF+GEcpaX/qboeycw6iO8JwVv2+g==",
            "requires": {
                "psl": "^1.1.28",
                "punycode": "^2.1.1"
            }
        },
        "whatwg-fetch": {
            "version": "3.0.0",
            "resolved": "https://registry.npmjs.org/whatwg-fetch/-/whatwg-fetch-3.0.0.tgz",
            "integrity": "sha512-9GSJUgz1D4MfyKU7KRqwOjXCXTqWdFNvEr7eUBYchQiVc744mqK/MzXPNR2WsPkmkOa4ywfg8C2n8h+13Bey1Q=="
        }
    }
}
